
Microsoft Visual Studio Solution File, Format Version 12.00
# Visual Studio Version 16
VisualStudioVersion = 16.0.31410.357
MinimumVisualStudioVersion = 10.0.40219.1
Project("{FAE04EC0-301F-11D3-BF4B-00C04F79EFBC}") = "if-statement2", "if-statement2\if-statement2.csproj", "{FE0A8DDC-E940-4840-8549-FCE72DBC3AAD}"
EndProject
Global
	GlobalSection(SolutionConfigurationPlatforms) = preSolution
		Debug|Any CPU = Debug|Any CPU
		Release|Any CPU = Release|Any CPU
	EndGlobalSection
	GlobalSection(ProjectConfigurationPlatforms) = postSolution
		{FE0A8DDC-E940-4840-8549-FCE72DBC3AAD}.Debug|Any CPU.ActiveCfg = Debug|Any CPU
		{FE0A8DDC-E940-4840-8549-FCE72DBC3AAD}.Debug|Any CPU.Build.0 = Debug|Any CPU
		{FE0A8DDC-E940-4840-8549-FCE72DBC3AAD}.Release|Any CPU.ActiveCfg = Release|Any CPU
		{FE0A8DDC-E940-4840-8549-FCE72DBC3AAD}.Release|Any CPU.Build.0 = Release|Any CPU
	EndGlobalSection
	GlobalSection(SolutionProperties) = preSolution
		HideSolutionNode = FALSE
	EndGlobalSection
	GlobalSection(ExtensibilityGlobals) = postSolution
		SolutionGuid = {42A4005A-9DC6-4137-8739-C9C28DBD5CF1}
	EndGlobalSection
EndGlobal
