
Microsoft Visual Studio Solution File, Format Version 12.00
# Visual Studio Version 16
VisualStudioVersion = 16.0.31613.86
MinimumVisualStudioVersion = 10.0.40219.1
Project("{FAE04EC0-301F-11D3-BF4B-00C04F79EFBC}") = "Countingup", "Countingup\Countingup.csproj", "{3FA03C2A-98BD-4E3C-9567-84F87926592C}"
EndProject
Global
	GlobalSection(SolutionConfigurationPlatforms) = preSolution
		Debug|Any CPU = Debug|Any CPU
		Release|Any CPU = Release|Any CPU
	EndGlobalSection
	GlobalSection(ProjectConfigurationPlatforms) = postSolution
		{3FA03C2A-98BD-4E3C-9567-84F87926592C}.Debug|Any CPU.ActiveCfg = Debug|Any CPU
		{3FA03C2A-98BD-4E3C-9567-84F87926592C}.Debug|Any CPU.Build.0 = Debug|Any CPU
		{3FA03C2A-98BD-4E3C-9567-84F87926592C}.Release|Any CPU.ActiveCfg = Release|Any CPU
		{3FA03C2A-98BD-4E3C-9567-84F87926592C}.Release|Any CPU.Build.0 = Release|Any CPU
	EndGlobalSection
	GlobalSection(SolutionProperties) = preSolution
		HideSolutionNode = FALSE
	EndGlobalSection
	GlobalSection(ExtensibilityGlobals) = postSolution
		SolutionGuid = {1E8A7F49-C5F8-4A6E-B46B-C2307804C7B8}
	EndGlobalSection
EndGlobal
