
Microsoft Visual Studio Solution File, Format Version 12.00
# Visual Studio Version 16
VisualStudioVersion = 16.0.31410.357
MinimumVisualStudioVersion = 10.0.40219.1
Project("{FAE04EC0-301F-11D3-BF4B-00C04F79EFBC}") = "elseifstatement5", "elseifstatement5\elseifstatement5.csproj", "{4C75C393-217D-4598-A044-A920B7B1A172}"
EndProject
Global
	GlobalSection(SolutionConfigurationPlatforms) = preSolution
		Debug|Any CPU = Debug|Any CPU
		Release|Any CPU = Release|Any CPU
	EndGlobalSection
	GlobalSection(ProjectConfigurationPlatforms) = postSolution
		{4C75C393-217D-4598-A044-A920B7B1A172}.Debug|Any CPU.ActiveCfg = Debug|Any CPU
		{4C75C393-217D-4598-A044-A920B7B1A172}.Debug|Any CPU.Build.0 = Debug|Any CPU
		{4C75C393-217D-4598-A044-A920B7B1A172}.Release|Any CPU.ActiveCfg = Release|Any CPU
		{4C75C393-217D-4598-A044-A920B7B1A172}.Release|Any CPU.Build.0 = Release|Any CPU
	EndGlobalSection
	GlobalSection(SolutionProperties) = preSolution
		HideSolutionNode = FALSE
	EndGlobalSection
	GlobalSection(ExtensibilityGlobals) = postSolution
		SolutionGuid = {0A8263F4-C3B7-42BA-A06F-7D44517D35EC}
	EndGlobalSection
EndGlobal
