
Microsoft Visual Studio Solution File, Format Version 12.00
# Visual Studio Version 16
VisualStudioVersion = 16.0.31911.196
MinimumVisualStudioVersion = 10.0.40219.1
Project("{888888A0-9F3D-457C-B088-3A5042F75D52}") = "grade_converter", "grade_converter.pyproj", "{CD6F728C-48B3-430B-9775-6EB6D6FAB2DF}"
EndProject
Global
	GlobalSection(SolutionConfigurationPlatforms) = preSolution
		Debug|Any CPU = Debug|Any CPU
		Release|Any CPU = Release|Any CPU
	EndGlobalSection
	GlobalSection(ProjectConfigurationPlatforms) = postSolution
		{CD6F728C-48B3-430B-9775-6EB6D6FAB2DF}.Debug|Any CPU.ActiveCfg = Debug|Any CPU
		{CD6F728C-48B3-430B-9775-6EB6D6FAB2DF}.Release|Any CPU.ActiveCfg = Release|Any CPU
	EndGlobalSection
	GlobalSection(SolutionProperties) = preSolution
		HideSolutionNode = FALSE
	EndGlobalSection
	GlobalSection(ExtensibilityGlobals) = postSolution
		SolutionGuid = {966FE533-0552-4CCD-A343-6F9CF507455C}
	EndGlobalSection
EndGlobal
