
Microsoft Visual Studio Solution File, Format Version 12.00
# Visual Studio Version 16
VisualStudioVersion = 16.0.31624.102
MinimumVisualStudioVersion = 10.0.40219.1
Project("{FAE04EC0-301F-11D3-BF4B-00C04F79EFBC}") = "whileloop4", "whileloop4\whileloop4.csproj", "{1076344B-CF89-4469-A5F0-860B3152FE6A}"
EndProject
Global
	GlobalSection(SolutionConfigurationPlatforms) = preSolution
		Debug|Any CPU = Debug|Any CPU
		Release|Any CPU = Release|Any CPU
	EndGlobalSection
	GlobalSection(ProjectConfigurationPlatforms) = postSolution
		{1076344B-CF89-4469-A5F0-860B3152FE6A}.Debug|Any CPU.ActiveCfg = Debug|Any CPU
		{1076344B-CF89-4469-A5F0-860B3152FE6A}.Debug|Any CPU.Build.0 = Debug|Any CPU
		{1076344B-CF89-4469-A5F0-860B3152FE6A}.Release|Any CPU.ActiveCfg = Release|Any CPU
		{1076344B-CF89-4469-A5F0-860B3152FE6A}.Release|Any CPU.Build.0 = Release|Any CPU
	EndGlobalSection
	GlobalSection(SolutionProperties) = preSolution
		HideSolutionNode = FALSE
	EndGlobalSection
	GlobalSection(ExtensibilityGlobals) = postSolution
		SolutionGuid = {108CE8F0-C0C0-45EE-80C7-7B081753803C}
	EndGlobalSection
EndGlobal
