
Microsoft Visual Studio Solution File, Format Version 12.00
# Visual Studio Version 17
VisualStudioVersion = 17.3.32811.315
MinimumVisualStudioVersion = 10.0.40219.1
Project("{FAE04EC0-301F-11D3-BF4B-00C04F79EFBC}") = "OOP Exercise4 Objects and Classes", "OOP Exercise4 Objects and Classes.csproj", "{64BCF3B9-DC6C-4B03-8CBC-A24394B97F6E}"
EndProject
Global
	GlobalSection(SolutionConfigurationPlatforms) = preSolution
		Debug|Any CPU = Debug|Any CPU
		Release|Any CPU = Release|Any CPU
	EndGlobalSection
	GlobalSection(ProjectConfigurationPlatforms) = postSolution
		{64BCF3B9-DC6C-4B03-8CBC-A24394B97F6E}.Debug|Any CPU.ActiveCfg = Debug|Any CPU
		{64BCF3B9-DC6C-4B03-8CBC-A24394B97F6E}.Debug|Any CPU.Build.0 = Debug|Any CPU
		{64BCF3B9-DC6C-4B03-8CBC-A24394B97F6E}.Release|Any CPU.ActiveCfg = Release|Any CPU
		{64BCF3B9-DC6C-4B03-8CBC-A24394B97F6E}.Release|Any CPU.Build.0 = Release|Any CPU
	EndGlobalSection
	GlobalSection(SolutionProperties) = preSolution
		HideSolutionNode = FALSE
	EndGlobalSection
	GlobalSection(ExtensibilityGlobals) = postSolution
		SolutionGuid = {44B1AABD-21CE-4EF5-AC8B-DF74B3208C0B}
	EndGlobalSection
EndGlobal
