
Microsoft Visual Studio Solution File, Format Version 12.00
# Visual Studio Version 16
VisualStudioVersion = 16.0.31624.102
MinimumVisualStudioVersion = 10.0.40219.1
Project("{FAE04EC0-301F-11D3-BF4B-00C04F79EFBC}") = "inputtwohwk", "inputtwohwk\inputtwohwk.csproj", "{B981AD89-C641-4382-B0F8-B9AC7CC9D9BB}"
EndProject
Global
	GlobalSection(SolutionConfigurationPlatforms) = preSolution
		Debug|Any CPU = Debug|Any CPU
		Release|Any CPU = Release|Any CPU
	EndGlobalSection
	GlobalSection(ProjectConfigurationPlatforms) = postSolution
		{B981AD89-C641-4382-B0F8-B9AC7CC9D9BB}.Debug|Any CPU.ActiveCfg = Debug|Any CPU
		{B981AD89-C641-4382-B0F8-B9AC7CC9D9BB}.Debug|Any CPU.Build.0 = Debug|Any CPU
		{B981AD89-C641-4382-B0F8-B9AC7CC9D9BB}.Release|Any CPU.ActiveCfg = Release|Any CPU
		{B981AD89-C641-4382-B0F8-B9AC7CC9D9BB}.Release|Any CPU.Build.0 = Release|Any CPU
	EndGlobalSection
	GlobalSection(SolutionProperties) = preSolution
		HideSolutionNode = FALSE
	EndGlobalSection
	GlobalSection(ExtensibilityGlobals) = postSolution
		SolutionGuid = {C72B3F8C-96C4-4A6B-A57A-A41B66A36D9A}
	EndGlobalSection
EndGlobal
