
Microsoft Visual Studio Solution File, Format Version 12.00
# Visual Studio Version 16
VisualStudioVersion = 16.0.31410.357
MinimumVisualStudioVersion = 10.0.40219.1
Project("{FAE04EC0-301F-11D3-BF4B-00C04F79EFBC}") = "ifstatement3", "ifstatement3\ifstatement3.csproj", "{83EA94CB-63D7-492E-BC86-297266C0B1B4}"
EndProject
Global
	GlobalSection(SolutionConfigurationPlatforms) = preSolution
		Debug|Any CPU = Debug|Any CPU
		Release|Any CPU = Release|Any CPU
	EndGlobalSection
	GlobalSection(ProjectConfigurationPlatforms) = postSolution
		{83EA94CB-63D7-492E-BC86-297266C0B1B4}.Debug|Any CPU.ActiveCfg = Debug|Any CPU
		{83EA94CB-63D7-492E-BC86-297266C0B1B4}.Debug|Any CPU.Build.0 = Debug|Any CPU
		{83EA94CB-63D7-492E-BC86-297266C0B1B4}.Release|Any CPU.ActiveCfg = Release|Any CPU
		{83EA94CB-63D7-492E-BC86-297266C0B1B4}.Release|Any CPU.Build.0 = Release|Any CPU
	EndGlobalSection
	GlobalSection(SolutionProperties) = preSolution
		HideSolutionNode = FALSE
	EndGlobalSection
	GlobalSection(ExtensibilityGlobals) = postSolution
		SolutionGuid = {415B1EC2-A95F-4C2B-A25C-0CC496AAC19D}
	EndGlobalSection
EndGlobal
