
Microsoft Visual Studio Solution File, Format Version 12.00
# Visual Studio Version 16
VisualStudioVersion = 16.0.31911.196
MinimumVisualStudioVersion = 10.0.40219.1
Project("{888888A0-9F3D-457C-B088-3A5042F75D52}") = "word_game_II", "word_game_II.pyproj", "{65493A48-40CF-4202-89AA-33FA8307C338}"
EndProject
Global
	GlobalSection(SolutionConfigurationPlatforms) = preSolution
		Debug|Any CPU = Debug|Any CPU
		Release|Any CPU = Release|Any CPU
	EndGlobalSection
	GlobalSection(ProjectConfigurationPlatforms) = postSolution
		{65493A48-40CF-4202-89AA-33FA8307C338}.Debug|Any CPU.ActiveCfg = Debug|Any CPU
		{65493A48-40CF-4202-89AA-33FA8307C338}.Release|Any CPU.ActiveCfg = Release|Any CPU
	EndGlobalSection
	GlobalSection(SolutionProperties) = preSolution
		HideSolutionNode = FALSE
	EndGlobalSection
	GlobalSection(ExtensibilityGlobals) = postSolution
		SolutionGuid = {C0541945-0F9F-476C-9782-EE3E92F7B81D}
	EndGlobalSection
EndGlobal
