
Microsoft Visual Studio Solution File, Format Version 12.00
# Visual Studio Version 17
VisualStudioVersion = 17.3.32811.315
MinimumVisualStudioVersion = 10.0.40219.1
Project("{FAE04EC0-301F-11D3-BF4B-00C04F79EFBC}") = "Console Menu", "Console Menu\Console Menu.csproj", "{EE658B19-1C58-451B-9158-B33EFABA5AD1}"
EndProject
Global
	GlobalSection(SolutionConfigurationPlatforms) = preSolution
		Debug|Any CPU = Debug|Any CPU
		Release|Any CPU = Release|Any CPU
	EndGlobalSection
	GlobalSection(ProjectConfigurationPlatforms) = postSolution
		{EE658B19-1C58-451B-9158-B33EFABA5AD1}.Debug|Any CPU.ActiveCfg = Debug|Any CPU
		{EE658B19-1C58-451B-9158-B33EFABA5AD1}.Debug|Any CPU.Build.0 = Debug|Any CPU
		{EE658B19-1C58-451B-9158-B33EFABA5AD1}.Release|Any CPU.ActiveCfg = Release|Any CPU
		{EE658B19-1C58-451B-9158-B33EFABA5AD1}.Release|Any CPU.Build.0 = Release|Any CPU
	EndGlobalSection
	GlobalSection(SolutionProperties) = preSolution
		HideSolutionNode = FALSE
	EndGlobalSection
	GlobalSection(ExtensibilityGlobals) = postSolution
		SolutionGuid = {82EF8F80-553D-4971-9186-87A1F6CB7081}
	EndGlobalSection
EndGlobal
