
Microsoft Visual Studio Solution File, Format Version 12.00
# Visual Studio Version 16
VisualStudioVersion = 16.0.31911.196
MinimumVisualStudioVersion = 10.0.40219.1
Project("{888888A0-9F3D-457C-B088-3A5042F75D52}") = "numbers_game", "numbers_game.pyproj", "{3263A2DC-6614-4919-A408-F71D830E88D9}"
EndProject
Global
	GlobalSection(SolutionConfigurationPlatforms) = preSolution
		Debug|Any CPU = Debug|Any CPU
		Release|Any CPU = Release|Any CPU
	EndGlobalSection
	GlobalSection(ProjectConfigurationPlatforms) = postSolution
		{3263A2DC-6614-4919-A408-F71D830E88D9}.Debug|Any CPU.ActiveCfg = Debug|Any CPU
		{3263A2DC-6614-4919-A408-F71D830E88D9}.Release|Any CPU.ActiveCfg = Release|Any CPU
	EndGlobalSection
	GlobalSection(SolutionProperties) = preSolution
		HideSolutionNode = FALSE
	EndGlobalSection
	GlobalSection(ExtensibilityGlobals) = postSolution
		SolutionGuid = {8B5F1289-BF7C-4722-AC5E-426AD6F419AE}
	EndGlobalSection
EndGlobal
