
Microsoft Visual Studio Solution File, Format Version 12.00
# Visual Studio Version 16
VisualStudioVersion = 16.0.31911.196
MinimumVisualStudioVersion = 10.0.40219.1
Project("{8BC9CEB8-8B4A-11D0-8D11-00A0C91BC942}") = "change_calculator", "change_calculator.vcxproj", "{39419D25-F074-45BE-96F6-E20CACFB2A8B}"
EndProject
Global
	GlobalSection(SolutionConfigurationPlatforms) = preSolution
		Debug|x64 = Debug|x64
		Debug|x86 = Debug|x86
		Release|x64 = Release|x64
		Release|x86 = Release|x86
	EndGlobalSection
	GlobalSection(ProjectConfigurationPlatforms) = postSolution
		{39419D25-F074-45BE-96F6-E20CACFB2A8B}.Debug|x64.ActiveCfg = Debug|x64
		{39419D25-F074-45BE-96F6-E20CACFB2A8B}.Debug|x64.Build.0 = Debug|x64
		{39419D25-F074-45BE-96F6-E20CACFB2A8B}.Debug|x86.ActiveCfg = Debug|Win32
		{39419D25-F074-45BE-96F6-E20CACFB2A8B}.Debug|x86.Build.0 = Debug|Win32
		{39419D25-F074-45BE-96F6-E20CACFB2A8B}.Release|x64.ActiveCfg = Release|x64
		{39419D25-F074-45BE-96F6-E20CACFB2A8B}.Release|x64.Build.0 = Release|x64
		{39419D25-F074-45BE-96F6-E20CACFB2A8B}.Release|x86.ActiveCfg = Release|Win32
		{39419D25-F074-45BE-96F6-E20CACFB2A8B}.Release|x86.Build.0 = Release|Win32
	EndGlobalSection
	GlobalSection(SolutionProperties) = preSolution
		HideSolutionNode = FALSE
	EndGlobalSection
	GlobalSection(ExtensibilityGlobals) = postSolution
		SolutionGuid = {74739DA3-B58D-4638-B113-0FD3D864A54E}
	EndGlobalSection
EndGlobal
