
Microsoft Visual Studio Solution File, Format Version 12.00
# Visual Studio Version 16
VisualStudioVersion = 16.0.31911.196
MinimumVisualStudioVersion = 10.0.40219.1
Project("{888888A0-9F3D-457C-B088-3A5042F75D52}") = "power_ball", "power_ball.pyproj", "{7172E1CB-B84D-4AFE-BD47-D67DE0F1D4C0}"
EndProject
Global
	GlobalSection(SolutionConfigurationPlatforms) = preSolution
		Debug|Any CPU = Debug|Any CPU
		Release|Any CPU = Release|Any CPU
	EndGlobalSection
	GlobalSection(ProjectConfigurationPlatforms) = postSolution
		{7172E1CB-B84D-4AFE-BD47-D67DE0F1D4C0}.Debug|Any CPU.ActiveCfg = Debug|Any CPU
		{7172E1CB-B84D-4AFE-BD47-D67DE0F1D4C0}.Release|Any CPU.ActiveCfg = Release|Any CPU
	EndGlobalSection
	GlobalSection(SolutionProperties) = preSolution
		HideSolutionNode = FALSE
	EndGlobalSection
	GlobalSection(ExtensibilityGlobals) = postSolution
		SolutionGuid = {81FF1F7F-5851-4450-83D5-87273AA2E29E}
	EndGlobalSection
EndGlobal
