
Microsoft Visual Studio Solution File, Format Version 12.00
# Visual Studio Version 16
VisualStudioVersion = 16.0.31624.102
MinimumVisualStudioVersion = 10.0.40219.1
Project("{FAE04EC0-301F-11D3-BF4B-00C04F79EFBC}") = "lettercount", "lettercount\lettercount.csproj", "{8481B0FD-BE0D-4619-8C7E-88E6376A659D}"
EndProject
Global
	GlobalSection(SolutionConfigurationPlatforms) = preSolution
		Debug|Any CPU = Debug|Any CPU
		Release|Any CPU = Release|Any CPU
	EndGlobalSection
	GlobalSection(ProjectConfigurationPlatforms) = postSolution
		{8481B0FD-BE0D-4619-8C7E-88E6376A659D}.Debug|Any CPU.ActiveCfg = Debug|Any CPU
		{8481B0FD-BE0D-4619-8C7E-88E6376A659D}.Debug|Any CPU.Build.0 = Debug|Any CPU
		{8481B0FD-BE0D-4619-8C7E-88E6376A659D}.Release|Any CPU.ActiveCfg = Release|Any CPU
		{8481B0FD-BE0D-4619-8C7E-88E6376A659D}.Release|Any CPU.Build.0 = Release|Any CPU
	EndGlobalSection
	GlobalSection(SolutionProperties) = preSolution
		HideSolutionNode = FALSE
	EndGlobalSection
	GlobalSection(ExtensibilityGlobals) = postSolution
		SolutionGuid = {80EDD8A7-FE5E-499D-960F-7E22B56A4B17}
	EndGlobalSection
EndGlobal
