
Microsoft Visual Studio Solution File, Format Version 12.00
# Visual Studio Version 16
VisualStudioVersion = 16.0.31624.102
MinimumVisualStudioVersion = 10.0.40219.1
Project("{FAE04EC0-301F-11D3-BF4B-00C04F79EFBC}") = "numberinputhelptest", "numberinputhelptest\numberinputhelptest.csproj", "{171258EF-E398-4FB6-9658-88E09DCA5C3E}"
EndProject
Global
	GlobalSection(SolutionConfigurationPlatforms) = preSolution
		Debug|Any CPU = Debug|Any CPU
		Release|Any CPU = Release|Any CPU
	EndGlobalSection
	GlobalSection(ProjectConfigurationPlatforms) = postSolution
		{171258EF-E398-4FB6-9658-88E09DCA5C3E}.Debug|Any CPU.ActiveCfg = Debug|Any CPU
		{171258EF-E398-4FB6-9658-88E09DCA5C3E}.Debug|Any CPU.Build.0 = Debug|Any CPU
		{171258EF-E398-4FB6-9658-88E09DCA5C3E}.Release|Any CPU.ActiveCfg = Release|Any CPU
		{171258EF-E398-4FB6-9658-88E09DCA5C3E}.Release|Any CPU.Build.0 = Release|Any CPU
	EndGlobalSection
	GlobalSection(SolutionProperties) = preSolution
		HideSolutionNode = FALSE
	EndGlobalSection
	GlobalSection(ExtensibilityGlobals) = postSolution
		SolutionGuid = {FEBC17CB-205A-49B9-B4A2-BD2929AF2522}
	EndGlobalSection
EndGlobal
