
Microsoft Visual Studio Solution File, Format Version 12.00
# Visual Studio Version 16
VisualStudioVersion = 16.0.31911.196
MinimumVisualStudioVersion = 10.0.40219.1
Project("{888888A0-9F3D-457C-B088-3A5042F75D52}") = "rock_paper_scissors", "rock_paper_scissors.pyproj", "{A80945C8-78D1-46DF-9609-F4EC63A5D4EB}"
EndProject
Global
	GlobalSection(SolutionConfigurationPlatforms) = preSolution
		Debug|Any CPU = Debug|Any CPU
		Release|Any CPU = Release|Any CPU
	EndGlobalSection
	GlobalSection(ProjectConfigurationPlatforms) = postSolution
		{A80945C8-78D1-46DF-9609-F4EC63A5D4EB}.Debug|Any CPU.ActiveCfg = Debug|Any CPU
		{A80945C8-78D1-46DF-9609-F4EC63A5D4EB}.Release|Any CPU.ActiveCfg = Release|Any CPU
	EndGlobalSection
	GlobalSection(SolutionProperties) = preSolution
		HideSolutionNode = FALSE
	EndGlobalSection
	GlobalSection(ExtensibilityGlobals) = postSolution
		SolutionGuid = {D2233B7E-E06A-43AE-AB7B-391196BEF5DF}
	EndGlobalSection
EndGlobal
