
Microsoft Visual Studio Solution File, Format Version 12.00
# Visual Studio Version 17
VisualStudioVersion = 17.3.32819.101
MinimumVisualStudioVersion = 10.0.40219.1
Project("{FAE04EC0-301F-11D3-BF4B-00C04F79EFBC}") = "Student Grades Manager 1 (without OOP Concepts)", "Student Grades Manager 1 (without OOP Concepts).csproj", "{31CADF32-AAEA-4650-9292-B71DE3CD8508}"
EndProject
Global
	GlobalSection(SolutionConfigurationPlatforms) = preSolution
		Debug|Any CPU = Debug|Any CPU
		Release|Any CPU = Release|Any CPU
	EndGlobalSection
	GlobalSection(ProjectConfigurationPlatforms) = postSolution
		{31CADF32-AAEA-4650-9292-B71DE3CD8508}.Debug|Any CPU.ActiveCfg = Debug|Any CPU
		{31CADF32-AAEA-4650-9292-B71DE3CD8508}.Debug|Any CPU.Build.0 = Debug|Any CPU
		{31CADF32-AAEA-4650-9292-B71DE3CD8508}.Release|Any CPU.ActiveCfg = Release|Any CPU
		{31CADF32-AAEA-4650-9292-B71DE3CD8508}.Release|Any CPU.Build.0 = Release|Any CPU
	EndGlobalSection
	GlobalSection(SolutionProperties) = preSolution
		HideSolutionNode = FALSE
	EndGlobalSection
	GlobalSection(ExtensibilityGlobals) = postSolution
		SolutionGuid = {AB3FE4AD-72D0-41D9-AE83-C2E10074FE29}
	EndGlobalSection
EndGlobal
