
Microsoft Visual Studio Solution File, Format Version 12.00
# Visual Studio Version 17
VisualStudioVersion = 17.3.32811.315
MinimumVisualStudioVersion = 10.0.40219.1
Project("{FAE04EC0-301F-11D3-BF4B-00C04F79EFBC}") = "OOP Exercise Objects and Classes", "OOP Exercise Objects and Classes.csproj", "{841C0C5F-35A3-402A-80AB-AE4931B7DC5A}"
EndProject
Global
	GlobalSection(SolutionConfigurationPlatforms) = preSolution
		Debug|Any CPU = Debug|Any CPU
		Release|Any CPU = Release|Any CPU
	EndGlobalSection
	GlobalSection(ProjectConfigurationPlatforms) = postSolution
		{841C0C5F-35A3-402A-80AB-AE4931B7DC5A}.Debug|Any CPU.ActiveCfg = Debug|Any CPU
		{841C0C5F-35A3-402A-80AB-AE4931B7DC5A}.Debug|Any CPU.Build.0 = Debug|Any CPU
		{841C0C5F-35A3-402A-80AB-AE4931B7DC5A}.Release|Any CPU.ActiveCfg = Release|Any CPU
		{841C0C5F-35A3-402A-80AB-AE4931B7DC5A}.Release|Any CPU.Build.0 = Release|Any CPU
	EndGlobalSection
	GlobalSection(SolutionProperties) = preSolution
		HideSolutionNode = FALSE
	EndGlobalSection
	GlobalSection(ExtensibilityGlobals) = postSolution
		SolutionGuid = {8173F329-AFFD-4971-9DAC-B61B2DDB8449}
	EndGlobalSection
EndGlobal
