
Microsoft Visual Studio Solution File, Format Version 12.00
# Visual Studio Version 16
VisualStudioVersion = 16.0.31911.196
MinimumVisualStudioVersion = 10.0.40219.1
Project("{8BC9CEB8-8B4A-11D0-8D11-00A0C91BC942}") = "book_return_points", "book_return_points.vcxproj", "{86BE9E55-473F-44C1-BFC9-0CE2839F6990}"
EndProject
Global
	GlobalSection(SolutionConfigurationPlatforms) = preSolution
		Debug|x64 = Debug|x64
		Debug|x86 = Debug|x86
		Release|x64 = Release|x64
		Release|x86 = Release|x86
	EndGlobalSection
	GlobalSection(ProjectConfigurationPlatforms) = postSolution
		{86BE9E55-473F-44C1-BFC9-0CE2839F6990}.Debug|x64.ActiveCfg = Debug|x64
		{86BE9E55-473F-44C1-BFC9-0CE2839F6990}.Debug|x64.Build.0 = Debug|x64
		{86BE9E55-473F-44C1-BFC9-0CE2839F6990}.Debug|x86.ActiveCfg = Debug|Win32
		{86BE9E55-473F-44C1-BFC9-0CE2839F6990}.Debug|x86.Build.0 = Debug|Win32
		{86BE9E55-473F-44C1-BFC9-0CE2839F6990}.Release|x64.ActiveCfg = Release|x64
		{86BE9E55-473F-44C1-BFC9-0CE2839F6990}.Release|x64.Build.0 = Release|x64
		{86BE9E55-473F-44C1-BFC9-0CE2839F6990}.Release|x86.ActiveCfg = Release|Win32
		{86BE9E55-473F-44C1-BFC9-0CE2839F6990}.Release|x86.Build.0 = Release|Win32
	EndGlobalSection
	GlobalSection(SolutionProperties) = preSolution
		HideSolutionNode = FALSE
	EndGlobalSection
	GlobalSection(ExtensibilityGlobals) = postSolution
		SolutionGuid = {89DB781F-27CB-4E01-9217-E9D8D4D7F5E1}
	EndGlobalSection
EndGlobal
