
Microsoft Visual Studio Solution File, Format Version 12.00
# Visual Studio Version 16
VisualStudioVersion = 16.0.31624.102
MinimumVisualStudioVersion = 10.0.40219.1
Project("{FAE04EC0-301F-11D3-BF4B-00C04F79EFBC}") = "forloop1", "forloop1\forloop1.csproj", "{6F1B6D8C-F560-43E8-BB98-27B429F2190A}"
EndProject
Global
	GlobalSection(SolutionConfigurationPlatforms) = preSolution
		Debug|Any CPU = Debug|Any CPU
		Release|Any CPU = Release|Any CPU
	EndGlobalSection
	GlobalSection(ProjectConfigurationPlatforms) = postSolution
		{6F1B6D8C-F560-43E8-BB98-27B429F2190A}.Debug|Any CPU.ActiveCfg = Debug|Any CPU
		{6F1B6D8C-F560-43E8-BB98-27B429F2190A}.Debug|Any CPU.Build.0 = Debug|Any CPU
		{6F1B6D8C-F560-43E8-BB98-27B429F2190A}.Release|Any CPU.ActiveCfg = Release|Any CPU
		{6F1B6D8C-F560-43E8-BB98-27B429F2190A}.Release|Any CPU.Build.0 = Release|Any CPU
	EndGlobalSection
	GlobalSection(SolutionProperties) = preSolution
		HideSolutionNode = FALSE
	EndGlobalSection
	GlobalSection(ExtensibilityGlobals) = postSolution
		SolutionGuid = {DDFE2F98-307B-4FC8-B63F-F0A1615351C2}
	EndGlobalSection
EndGlobal
